
Microsoft Visual Studio Solution File, Format Version 12.00
# Visual Studio 2012
# SharpDevelop 5.1
VisualStudioVersion = 12.0.20827.3
MinimumVisualStudioVersion = 10.0.40219.1
Project("{FAE04EC0-301F-11D3-BF4B-00C04F79EFBC}") = "SEOMacroscope", "SEOMacroscope.csproj", "{8283DF74-475A-44E4-83D4-7249E0D9AAFE}"
EndProject
Global
	GlobalSection(SolutionConfigurationPlatforms) = preSolution
		Debug|Any CPU = Debug|Any CPU
		Debug|64-bit = Debug|64-bit
		Release|Any CPU = Release|Any CPU
		Release|64-bit = Release|64-bit
	EndGlobalSection
	GlobalSection(ProjectConfigurationPlatforms) = postSolution
		{8283DF74-475A-44E4-83D4-7249E0D9AAFE}.Debug|Any CPU.ActiveCfg = Release|Any CPU
		{8283DF74-475A-44E4-83D4-7249E0D9AAFE}.Debug|Any CPU.Build.0 = Release|Any CPU
		{8283DF74-475A-44E4-83D4-7249E0D9AAFE}.Debug|64-bit.ActiveCfg = Debug|64-bit
		{8283DF74-475A-44E4-83D4-7249E0D9AAFE}.Debug|64-bit.Build.0 = Debug|64-bit
		{8283DF74-475A-44E4-83D4-7249E0D9AAFE}.Release|Any CPU.ActiveCfg = Release|Any CPU
		{8283DF74-475A-44E4-83D4-7249E0D9AAFE}.Release|Any CPU.Build.0 = Release|Any CPU
		{8283DF74-475A-44E4-83D4-7249E0D9AAFE}.Release|64-bit.ActiveCfg = Release|64-bit
		{8283DF74-475A-44E4-83D4-7249E0D9AAFE}.Release|64-bit.Build.0 = Release|64-bit
	EndGlobalSection
EndGlobal
